
Microsoft Visual Studio Solution File, Format Version 12.00
# Visual Studio 15
Project("{FAE04EC0-301F-11D3-BF4B-00C04F79EFBC}") = "Assembly-CSharp-firstpass", "Assembly-CSharp-firstpass.csproj", "{58EE1A64-2A7E-C56C-BD83-70EFA6D9AB39}"
EndProject
Project("{FAE04EC0-301F-11D3-BF4B-00C04F79EFBC}") = "Assembly-CSharp", "Assembly-CSharp.csproj", "{5230EF6D-444F-7338-670E-FC0C1E514292}"
EndProject
Project("{FAE04EC0-301F-11D3-BF4B-00C04F79EFBC}") = "Mirror", "Mirror.csproj", "{7DE9541E-8F5C-9D90-0558-879428C0F82A}"
EndProject
Project("{FAE04EC0-301F-11D3-BF4B-00C04F79EFBC}") = "Assembly-CSharp-Editor-firstpass", "Assembly-CSharp-Editor-firstpass.csproj", "{4B27DEEF-4C89-2848-0691-A8BA99CC078F}"
EndProject
Project("{FAE04EC0-301F-11D3-BF4B-00C04F79EFBC}") = "Assembly-CSharp-Editor", "Assembly-CSharp-Editor.csproj", "{3748E5F5-68F9-A79A-2D76-7EEBE9F93D76}"
EndProject
Project("{FAE04EC0-301F-11D3-BF4B-00C04F79EFBC}") = "Mirror.Weaver", "Mirror.Weaver.csproj", "{E44E9C9A-8138-ED61-4A04-E7D403C4A130}"
EndProject
Project("{FAE04EC0-301F-11D3-BF4B-00C04F79EFBC}") = "Mirror.Tests", "Mirror.Tests.csproj", "{443A43BF-BFB5-6FF1-1AA2-2E3E9E0BCF81}"
EndProject
Global
	GlobalSection(SolutionConfigurationPlatforms) = preSolution
		Debug|Any CPU = Debug|Any CPU
		Release|Any CPU = Release|Any CPU
	EndGlobalSection
	GlobalSection(ProjectConfigurationPlatforms) = postSolution
		{58EE1A64-2A7E-C56C-BD83-70EFA6D9AB39}.Debug|Any CPU.ActiveCfg = Debug|Any CPU
		{58EE1A64-2A7E-C56C-BD83-70EFA6D9AB39}.Debug|Any CPU.Build.0 = Debug|Any CPU
		{58EE1A64-2A7E-C56C-BD83-70EFA6D9AB39}.Release|Any CPU.ActiveCfg = Release|Any CPU
		{58EE1A64-2A7E-C56C-BD83-70EFA6D9AB39}.Release|Any CPU.Build.0 = Release|Any CPU
		{5230EF6D-444F-7338-670E-FC0C1E514292}.Debug|Any CPU.ActiveCfg = Debug|Any CPU
		{5230EF6D-444F-7338-670E-FC0C1E514292}.Debug|Any CPU.Build.0 = Debug|Any CPU
		{5230EF6D-444F-7338-670E-FC0C1E514292}.Release|Any CPU.ActiveCfg = Release|Any CPU
		{5230EF6D-444F-7338-670E-FC0C1E514292}.Release|Any CPU.Build.0 = Release|Any CPU
		{7DE9541E-8F5C-9D90-0558-879428C0F82A}.Debug|Any CPU.ActiveCfg = Debug|Any CPU
		{7DE9541E-8F5C-9D90-0558-879428C0F82A}.Debug|Any CPU.Build.0 = Debug|Any CPU
		{7DE9541E-8F5C-9D90-0558-879428C0F82A}.Release|Any CPU.ActiveCfg = Release|Any CPU
		{7DE9541E-8F5C-9D90-0558-879428C0F82A}.Release|Any CPU.Build.0 = Release|Any CPU
		{4B27DEEF-4C89-2848-0691-A8BA99CC078F}.Debug|Any CPU.ActiveCfg = Debug|Any CPU
		{4B27DEEF-4C89-2848-0691-A8BA99CC078F}.Debug|Any CPU.Build.0 = Debug|Any CPU
		{4B27DEEF-4C89-2848-0691-A8BA99CC078F}.Release|Any CPU.ActiveCfg = Release|Any CPU
		{4B27DEEF-4C89-2848-0691-A8BA99CC078F}.Release|Any CPU.Build.0 = Release|Any CPU
		{3748E5F5-68F9-A79A-2D76-7EEBE9F93D76}.Debug|Any CPU.ActiveCfg = Debug|Any CPU
		{3748E5F5-68F9-A79A-2D76-7EEBE9F93D76}.Debug|Any CPU.Build.0 = Debug|Any CPU
		{3748E5F5-68F9-A79A-2D76-7EEBE9F93D76}.Release|Any CPU.ActiveCfg = Release|Any CPU
		{3748E5F5-68F9-A79A-2D76-7EEBE9F93D76}.Release|Any CPU.Build.0 = Release|Any CPU
		{E44E9C9A-8138-ED61-4A04-E7D403C4A130}.Debug|Any CPU.ActiveCfg = Debug|Any CPU
		{E44E9C9A-8138-ED61-4A04-E7D403C4A130}.Debug|Any CPU.Build.0 = Debug|Any CPU
		{E44E9C9A-8138-ED61-4A04-E7D403C4A130}.Release|Any CPU.ActiveCfg = Release|Any CPU
		{E44E9C9A-8138-ED61-4A04-E7D403C4A130}.Release|Any CPU.Build.0 = Release|Any CPU
		{443A43BF-BFB5-6FF1-1AA2-2E3E9E0BCF81}.Debug|Any CPU.ActiveCfg = Debug|Any CPU
		{443A43BF-BFB5-6FF1-1AA2-2E3E9E0BCF81}.Debug|Any CPU.Build.0 = Debug|Any CPU
		{443A43BF-BFB5-6FF1-1AA2-2E3E9E0BCF81}.Release|Any CPU.ActiveCfg = Release|Any CPU
		{443A43BF-BFB5-6FF1-1AA2-2E3E9E0BCF81}.Release|Any CPU.Build.0 = Release|Any CPU
	EndGlobalSection
	GlobalSection(SolutionProperties) = preSolution
		HideSolutionNode = FALSE
	EndGlobalSection
EndGlobal
